
Microsoft Visual Studio Solution File, Format Version 12.00
Project("{FAE04EC0-301F-11D3-BF4B-00C04F79EFBC}") = "OxyPlot.Fluent", "src\OxyPlot.Fluent\OxyPlot.Fluent.csproj", "{E3366168-789F-4538-B3D5-E22CA9EE39A9}"
EndProject
Project("{2150E333-8FDC-42A3-9474-1A3956D46DE8}") = "src", "src", "{DE8D5B9B-818E-448E-927C-3927B82B88C1}"
ProjectSection(SolutionItems) = preProject
	src\directory.build.props = src\directory.build.props
EndProjectSection
EndProject
Project("{2150E333-8FDC-42A3-9474-1A3956D46DE8}") = "sample", "sample", "{155291BF-1916-4D75-8583-0765273C2067}"
EndProject
Project("{FAE04EC0-301F-11D3-BF4B-00C04F79EFBC}") = "OxyPlot.Fluent.Wpf", "src\OxyPlot.Fluent.Wpf\OxyPlot.Fluent.Wpf.csproj", "{FEEEFE96-F3AA-418C-A8A4-33BD5658509F}"
EndProject
Project("{FAE04EC0-301F-11D3-BF4B-00C04F79EFBC}") = "WpfSample", "sample\WpfSample\WpfSample.csproj", "{A85840FD-B0C7-4A84-8F9C-C303658C27C0}"
EndProject
Project("{2150E333-8FDC-42A3-9474-1A3956D46DE8}") = "Solution Items", "Solution Items", "{99B6439A-D7F5-44B8-87BA-EE85882F4DDD}"
ProjectSection(SolutionItems) = preProject
	README.md = README.md
EndProjectSection
EndProject
Global
	GlobalSection(SolutionConfigurationPlatforms) = preSolution
		Debug|Any CPU = Debug|Any CPU
		Release|Any CPU = Release|Any CPU
	EndGlobalSection
	GlobalSection(ProjectConfigurationPlatforms) = postSolution
		{E3366168-789F-4538-B3D5-E22CA9EE39A9}.Debug|Any CPU.ActiveCfg = Debug|Any CPU
		{E3366168-789F-4538-B3D5-E22CA9EE39A9}.Debug|Any CPU.Build.0 = Debug|Any CPU
		{E3366168-789F-4538-B3D5-E22CA9EE39A9}.Release|Any CPU.ActiveCfg = Release|Any CPU
		{E3366168-789F-4538-B3D5-E22CA9EE39A9}.Release|Any CPU.Build.0 = Release|Any CPU
		{FEEEFE96-F3AA-418C-A8A4-33BD5658509F}.Debug|Any CPU.ActiveCfg = Debug|Any CPU
		{FEEEFE96-F3AA-418C-A8A4-33BD5658509F}.Debug|Any CPU.Build.0 = Debug|Any CPU
		{FEEEFE96-F3AA-418C-A8A4-33BD5658509F}.Release|Any CPU.ActiveCfg = Release|Any CPU
		{FEEEFE96-F3AA-418C-A8A4-33BD5658509F}.Release|Any CPU.Build.0 = Release|Any CPU
		{A85840FD-B0C7-4A84-8F9C-C303658C27C0}.Debug|Any CPU.ActiveCfg = Debug|Any CPU
		{A85840FD-B0C7-4A84-8F9C-C303658C27C0}.Debug|Any CPU.Build.0 = Debug|Any CPU
		{A85840FD-B0C7-4A84-8F9C-C303658C27C0}.Release|Any CPU.ActiveCfg = Release|Any CPU
		{A85840FD-B0C7-4A84-8F9C-C303658C27C0}.Release|Any CPU.Build.0 = Release|Any CPU
	EndGlobalSection
	GlobalSection(NestedProjects) = preSolution
		{E3366168-789F-4538-B3D5-E22CA9EE39A9} = {DE8D5B9B-818E-448E-927C-3927B82B88C1}
		{FEEEFE96-F3AA-418C-A8A4-33BD5658509F} = {DE8D5B9B-818E-448E-927C-3927B82B88C1}
		{A85840FD-B0C7-4A84-8F9C-C303658C27C0} = {155291BF-1916-4D75-8583-0765273C2067}
	EndGlobalSection
EndGlobal
